
Microsoft Visual Studio Solution File, Format Version 12.00
# Visual Studio 15
VisualStudioVersion = 15.0.28307.106
MinimumVisualStudioVersion = 10.0.40219.1
Project("{8BC9CEB8-8B4A-11D0-8D11-00A0C91BC942}") = "Kolokvijum2017", "Kolokvijum2017\Kolokvijum2017.vcxproj", "{B1F62D35-642E-4549-A995-DD5F9116E73A}"
EndProject
Global
	GlobalSection(SolutionConfigurationPlatforms) = preSolution
		Debug|x64 = Debug|x64
		Debug|x86 = Debug|x86
		Release|x64 = Release|x64
		Release|x86 = Release|x86
	EndGlobalSection
	GlobalSection(ProjectConfigurationPlatforms) = postSolution
		{B1F62D35-642E-4549-A995-DD5F9116E73A}.Debug|x64.ActiveCfg = Debug|x64
		{B1F62D35-642E-4549-A995-DD5F9116E73A}.Debug|x64.Build.0 = Debug|x64
		{B1F62D35-642E-4549-A995-DD5F9116E73A}.Debug|x86.ActiveCfg = Debug|Win32
		{B1F62D35-642E-4549-A995-DD5F9116E73A}.Debug|x86.Build.0 = Debug|Win32
		{B1F62D35-642E-4549-A995-DD5F9116E73A}.Release|x64.ActiveCfg = Release|x64
		{B1F62D35-642E-4549-A995-DD5F9116E73A}.Release|x64.Build.0 = Release|x64
		{B1F62D35-642E-4549-A995-DD5F9116E73A}.Release|x86.ActiveCfg = Release|Win32
		{B1F62D35-642E-4549-A995-DD5F9116E73A}.Release|x86.Build.0 = Release|Win32
	EndGlobalSection
	GlobalSection(SolutionProperties) = preSolution
		HideSolutionNode = FALSE
	EndGlobalSection
	GlobalSection(ExtensibilityGlobals) = postSolution
		SolutionGuid = {798DC09E-7EDC-4871-B088-CFEFDFF89E77}
	EndGlobalSection
EndGlobal
